
Microsoft Visual Studio Solution File, Format Version 12.00
# Visual Studio 15
VisualStudioVersion = 15.0.28307.489
MinimumVisualStudioVersion = 10.0.40219.1
Project("{8BC9CEB8-8B4A-11D0-8D11-00A0C91BC942}") = "swap", "swap\swap.vcxproj", "{7183CE66-0ADB-4FB8-8254-C9502C1F727E}"
EndProject
Project("{8BC9CEB8-8B4A-11D0-8D11-00A0C91BC942}") = "vectorOfInt", "vectorOfInt\vectorOfInt.vcxproj", "{9BF7C45D-CBCD-4F9A-9093-C46CC0DE76C3}"
EndProject
Project("{8BC9CEB8-8B4A-11D0-8D11-00A0C91BC942}") = "vectorTemplate", "vectorTemplate\vectorTemplate.vcxproj", "{E4476B44-2C0F-4EE9-8FA0-C44D923931DE}"
EndProject
Project("{8BC9CEB8-8B4A-11D0-8D11-00A0C91BC942}") = "unusual", "unusual\unusual.vcxproj", "{CF74BBBD-B7E8-4FB6-BC52-203A5F497268}"
EndProject
Global
	GlobalSection(SolutionConfigurationPlatforms) = preSolution
		Debug|x64 = Debug|x64
		Debug|x86 = Debug|x86
		Release|x64 = Release|x64
		Release|x86 = Release|x86
	EndGlobalSection
	GlobalSection(ProjectConfigurationPlatforms) = postSolution
		{7183CE66-0ADB-4FB8-8254-C9502C1F727E}.Debug|x64.ActiveCfg = Debug|x64
		{7183CE66-0ADB-4FB8-8254-C9502C1F727E}.Debug|x64.Build.0 = Debug|x64
		{7183CE66-0ADB-4FB8-8254-C9502C1F727E}.Debug|x86.ActiveCfg = Debug|Win32
		{7183CE66-0ADB-4FB8-8254-C9502C1F727E}.Debug|x86.Build.0 = Debug|Win32
		{7183CE66-0ADB-4FB8-8254-C9502C1F727E}.Release|x64.ActiveCfg = Release|x64
		{7183CE66-0ADB-4FB8-8254-C9502C1F727E}.Release|x64.Build.0 = Release|x64
		{7183CE66-0ADB-4FB8-8254-C9502C1F727E}.Release|x86.ActiveCfg = Release|Win32
		{7183CE66-0ADB-4FB8-8254-C9502C1F727E}.Release|x86.Build.0 = Release|Win32
		{9BF7C45D-CBCD-4F9A-9093-C46CC0DE76C3}.Debug|x64.ActiveCfg = Debug|x64
		{9BF7C45D-CBCD-4F9A-9093-C46CC0DE76C3}.Debug|x64.Build.0 = Debug|x64
		{9BF7C45D-CBCD-4F9A-9093-C46CC0DE76C3}.Debug|x86.ActiveCfg = Debug|Win32
		{9BF7C45D-CBCD-4F9A-9093-C46CC0DE76C3}.Debug|x86.Build.0 = Debug|Win32
		{9BF7C45D-CBCD-4F9A-9093-C46CC0DE76C3}.Release|x64.ActiveCfg = Release|x64
		{9BF7C45D-CBCD-4F9A-9093-C46CC0DE76C3}.Release|x64.Build.0 = Release|x64
		{9BF7C45D-CBCD-4F9A-9093-C46CC0DE76C3}.Release|x86.ActiveCfg = Release|Win32
		{9BF7C45D-CBCD-4F9A-9093-C46CC0DE76C3}.Release|x86.Build.0 = Release|Win32
		{E4476B44-2C0F-4EE9-8FA0-C44D923931DE}.Debug|x64.ActiveCfg = Debug|x64
		{E4476B44-2C0F-4EE9-8FA0-C44D923931DE}.Debug|x64.Build.0 = Debug|x64
		{E4476B44-2C0F-4EE9-8FA0-C44D923931DE}.Debug|x86.ActiveCfg = Debug|Win32
		{E4476B44-2C0F-4EE9-8FA0-C44D923931DE}.Debug|x86.Build.0 = Debug|Win32
		{E4476B44-2C0F-4EE9-8FA0-C44D923931DE}.Release|x64.ActiveCfg = Release|x64
		{E4476B44-2C0F-4EE9-8FA0-C44D923931DE}.Release|x64.Build.0 = Release|x64
		{E4476B44-2C0F-4EE9-8FA0-C44D923931DE}.Release|x86.ActiveCfg = Release|Win32
		{E4476B44-2C0F-4EE9-8FA0-C44D923931DE}.Release|x86.Build.0 = Release|Win32
		{CF74BBBD-B7E8-4FB6-BC52-203A5F497268}.Debug|x64.ActiveCfg = Debug|x64
		{CF74BBBD-B7E8-4FB6-BC52-203A5F497268}.Debug|x64.Build.0 = Debug|x64
		{CF74BBBD-B7E8-4FB6-BC52-203A5F497268}.Debug|x86.ActiveCfg = Debug|Win32
		{CF74BBBD-B7E8-4FB6-BC52-203A5F497268}.Debug|x86.Build.0 = Debug|Win32
		{CF74BBBD-B7E8-4FB6-BC52-203A5F497268}.Release|x64.ActiveCfg = Release|x64
		{CF74BBBD-B7E8-4FB6-BC52-203A5F497268}.Release|x64.Build.0 = Release|x64
		{CF74BBBD-B7E8-4FB6-BC52-203A5F497268}.Release|x86.ActiveCfg = Release|Win32
		{CF74BBBD-B7E8-4FB6-BC52-203A5F497268}.Release|x86.Build.0 = Release|Win32
	EndGlobalSection
	GlobalSection(SolutionProperties) = preSolution
		HideSolutionNode = FALSE
	EndGlobalSection
	GlobalSection(ExtensibilityGlobals) = postSolution
		SolutionGuid = {A13209BE-0219-4081-B0B0-FB61D66021BF}
	EndGlobalSection
EndGlobal
