
Microsoft Visual Studio Solution File, Format Version 12.00
# Visual Studio 15
VisualStudioVersion = 15.0.26430.13
MinimumVisualStudioVersion = 10.0.40219.1
Project("{8BC9CEB8-8B4A-11D0-8D11-00A0C91BC942}") = "mouse", "mouse\mouse.vcxproj", "{CB7734C9-AF51-4DA0-AEA4-FF18D62AD879}"
EndProject
Project("{8BC9CEB8-8B4A-11D0-8D11-00A0C91BC942}") = "searchBox", "searchBox\searchBox.vcxproj", "{85C3E0F3-C734-42CE-88D9-AD23C73FDA87}"
EndProject
Project("{8BC9CEB8-8B4A-11D0-8D11-00A0C91BC942}") = "searchGame", "searchGame\searchGame.vcxproj", "{7575AFB1-1E4D-4A6D-95AD-2AB261673E6A}"
EndProject
Global
	GlobalSection(SolutionConfigurationPlatforms) = preSolution
		Debug|x86 = Debug|x86
		Release|x86 = Release|x86
	EndGlobalSection
	GlobalSection(ProjectConfigurationPlatforms) = postSolution
		{CB7734C9-AF51-4DA0-AEA4-FF18D62AD879}.Debug|x86.ActiveCfg = Debug|Win32
		{CB7734C9-AF51-4DA0-AEA4-FF18D62AD879}.Debug|x86.Build.0 = Debug|Win32
		{CB7734C9-AF51-4DA0-AEA4-FF18D62AD879}.Release|x86.ActiveCfg = Release|Win32
		{CB7734C9-AF51-4DA0-AEA4-FF18D62AD879}.Release|x86.Build.0 = Release|Win32
		{85C3E0F3-C734-42CE-88D9-AD23C73FDA87}.Debug|x86.ActiveCfg = Debug|Win32
		{85C3E0F3-C734-42CE-88D9-AD23C73FDA87}.Debug|x86.Build.0 = Debug|Win32
		{85C3E0F3-C734-42CE-88D9-AD23C73FDA87}.Release|x86.ActiveCfg = Release|Win32
		{85C3E0F3-C734-42CE-88D9-AD23C73FDA87}.Release|x86.Build.0 = Release|Win32
		{7575AFB1-1E4D-4A6D-95AD-2AB261673E6A}.Debug|x86.ActiveCfg = Debug|Win32
		{7575AFB1-1E4D-4A6D-95AD-2AB261673E6A}.Debug|x86.Build.0 = Debug|Win32
		{7575AFB1-1E4D-4A6D-95AD-2AB261673E6A}.Release|x86.ActiveCfg = Release|Win32
		{7575AFB1-1E4D-4A6D-95AD-2AB261673E6A}.Release|x86.Build.0 = Release|Win32
	EndGlobalSection
	GlobalSection(SolutionProperties) = preSolution
		HideSolutionNode = FALSE
	EndGlobalSection
	GlobalSection(ExtensibilityGlobals) = postSolution
		SolutionGuid = {3D1350F0-A11C-4B7A-B152-6D43026CF19C}
	EndGlobalSection
EndGlobal
