
Microsoft Visual Studio Solution File, Format Version 12.00
# Visual Studio 15
VisualStudioVersion = 15.0.28307.572
MinimumVisualStudioVersion = 10.0.40219.1
Project("{8BC9CEB8-8B4A-11D0-8D11-00A0C91BC942}") = "diver", "diver\diver.vcxproj", "{C4DB15C8-1B73-4879-9284-57D2FFF06706}"
EndProject
Project("{8BC9CEB8-8B4A-11D0-8D11-00A0C91BC942}") = "star", "star\star.vcxproj", "{81ABA943-F53D-451C-8F39-FBFBE665FE0D}"
EndProject
Project("{8BC9CEB8-8B4A-11D0-8D11-00A0C91BC942}") = "variables", "variables\variables.vcxproj", "{745258EA-7BAA-495D-869D-8E9DC77CFCEB}"
EndProject
Global
	GlobalSection(SolutionConfigurationPlatforms) = preSolution
		Debug|x86 = Debug|x86
		Release|x86 = Release|x86
	EndGlobalSection
	GlobalSection(ProjectConfigurationPlatforms) = postSolution
		{C4DB15C8-1B73-4879-9284-57D2FFF06706}.Debug|x86.ActiveCfg = Debug|Win32
		{C4DB15C8-1B73-4879-9284-57D2FFF06706}.Debug|x86.Build.0 = Debug|Win32
		{C4DB15C8-1B73-4879-9284-57D2FFF06706}.Release|x86.ActiveCfg = Release|Win32
		{C4DB15C8-1B73-4879-9284-57D2FFF06706}.Release|x86.Build.0 = Release|Win32
		{81ABA943-F53D-451C-8F39-FBFBE665FE0D}.Debug|x86.ActiveCfg = Debug|Win32
		{81ABA943-F53D-451C-8F39-FBFBE665FE0D}.Debug|x86.Build.0 = Debug|Win32
		{81ABA943-F53D-451C-8F39-FBFBE665FE0D}.Release|x86.ActiveCfg = Release|Win32
		{81ABA943-F53D-451C-8F39-FBFBE665FE0D}.Release|x86.Build.0 = Release|Win32
		{745258EA-7BAA-495D-869D-8E9DC77CFCEB}.Debug|x86.ActiveCfg = Debug|Win32
		{745258EA-7BAA-495D-869D-8E9DC77CFCEB}.Debug|x86.Build.0 = Debug|Win32
		{745258EA-7BAA-495D-869D-8E9DC77CFCEB}.Release|x86.ActiveCfg = Release|Win32
		{745258EA-7BAA-495D-869D-8E9DC77CFCEB}.Release|x86.Build.0 = Release|Win32
	EndGlobalSection
	GlobalSection(SolutionProperties) = preSolution
		HideSolutionNode = FALSE
	EndGlobalSection
	GlobalSection(ExtensibilityGlobals) = postSolution
		SolutionGuid = {0D29D305-FA7F-467E-8C45-AD7863B169A2}
	EndGlobalSection
EndGlobal
