
Microsoft Visual Studio Solution File, Format Version 12.00
# Visual Studio 15
VisualStudioVersion = 15.0.28307.489
MinimumVisualStudioVersion = 10.0.40219.1
Project("{8BC9CEB8-8B4A-11D0-8D11-00A0C91BC942}") = "bouncingBall", "bouncingBall\bouncingBall.vcxproj", "{C4DB15C8-1B73-4879-9284-57D2FFF06706}"
EndProject
Project("{8BC9CEB8-8B4A-11D0-8D11-00A0C91BC942}") = "bouncingBallsArray", "bouncingBallsArray\bouncingBallsArray.vcxproj", "{05B48017-0867-47B9-A1E9-F8DDDC07597E}"
EndProject
Project("{8BC9CEB8-8B4A-11D0-8D11-00A0C91BC942}") = "spriteFish1", "spritefish1\spriteFish1.vcxproj", "{51B9CDB8-299F-4F4D-A149-9DA4411606DD}"
EndProject
Project("{8BC9CEB8-8B4A-11D0-8D11-00A0C91BC942}") = "spriteFish2", "spritefish2\spriteFish2.vcxproj", "{C850DCD8-C0FA-40CE-B7B2-D30D803968C8}"
EndProject
Project("{8BC9CEB8-8B4A-11D0-8D11-00A0C91BC942}") = "staircase", "staircase\staircase.vcxproj", "{0B438527-8320-4E0D-B136-89223F79105F}"
EndProject
Global
	GlobalSection(SolutionConfigurationPlatforms) = preSolution
		Debug|x86 = Debug|x86
		Release|x86 = Release|x86
	EndGlobalSection
	GlobalSection(ProjectConfigurationPlatforms) = postSolution
		{C4DB15C8-1B73-4879-9284-57D2FFF06706}.Debug|x86.ActiveCfg = Debug|Win32
		{C4DB15C8-1B73-4879-9284-57D2FFF06706}.Debug|x86.Build.0 = Debug|Win32
		{C4DB15C8-1B73-4879-9284-57D2FFF06706}.Release|x86.ActiveCfg = Release|Win32
		{C4DB15C8-1B73-4879-9284-57D2FFF06706}.Release|x86.Build.0 = Release|Win32
		{05B48017-0867-47B9-A1E9-F8DDDC07597E}.Debug|x86.ActiveCfg = Debug|Win32
		{05B48017-0867-47B9-A1E9-F8DDDC07597E}.Debug|x86.Build.0 = Debug|Win32
		{05B48017-0867-47B9-A1E9-F8DDDC07597E}.Release|x86.ActiveCfg = Release|Win32
		{05B48017-0867-47B9-A1E9-F8DDDC07597E}.Release|x86.Build.0 = Release|Win32
		{51B9CDB8-299F-4F4D-A149-9DA4411606DD}.Debug|x86.ActiveCfg = Debug|Win32
		{51B9CDB8-299F-4F4D-A149-9DA4411606DD}.Debug|x86.Build.0 = Debug|Win32
		{51B9CDB8-299F-4F4D-A149-9DA4411606DD}.Release|x86.ActiveCfg = Release|Win32
		{51B9CDB8-299F-4F4D-A149-9DA4411606DD}.Release|x86.Build.0 = Release|Win32
		{C850DCD8-C0FA-40CE-B7B2-D30D803968C8}.Debug|x86.ActiveCfg = Debug|Win32
		{C850DCD8-C0FA-40CE-B7B2-D30D803968C8}.Debug|x86.Build.0 = Debug|Win32
		{C850DCD8-C0FA-40CE-B7B2-D30D803968C8}.Release|x86.ActiveCfg = Release|Win32
		{C850DCD8-C0FA-40CE-B7B2-D30D803968C8}.Release|x86.Build.0 = Release|Win32
		{0B438527-8320-4E0D-B136-89223F79105F}.Debug|x86.ActiveCfg = Debug|Win32
		{0B438527-8320-4E0D-B136-89223F79105F}.Debug|x86.Build.0 = Debug|Win32
		{0B438527-8320-4E0D-B136-89223F79105F}.Release|x86.ActiveCfg = Release|Win32
		{0B438527-8320-4E0D-B136-89223F79105F}.Release|x86.Build.0 = Release|Win32
	EndGlobalSection
	GlobalSection(SolutionProperties) = preSolution
		HideSolutionNode = FALSE
	EndGlobalSection
	GlobalSection(ExtensibilityGlobals) = postSolution
		SolutionGuid = {CADCC96C-C60B-4805-B3EC-8DA92065B76B}
	EndGlobalSection
EndGlobal
