
Microsoft Visual Studio Solution File, Format Version 12.00
# Visual Studio 15
VisualStudioVersion = 15.0.28307.489
MinimumVisualStudioVersion = 10.0.40219.1
Project("{8BC9CEB8-8B4A-11D0-8D11-00A0C91BC942}") = "algorithm", "algorithm\algorithm.vcxproj", "{7183CE66-0ADB-4FB8-8254-C9502C1F727E}"
EndProject
Project("{8BC9CEB8-8B4A-11D0-8D11-00A0C91BC942}") = "initializer_list", "initializer_list\initializer_list.vcxproj", "{E4476B44-2C0F-4EE9-8FA0-C44D923931DE}"
EndProject
Project("{8BC9CEB8-8B4A-11D0-8D11-00A0C91BC942}") = "iterators", "iterators\iterators.vcxproj", "{3101C0A5-7A06-4DE1-8CEC-0C3E4FB7E37A}"
EndProject
Project("{8BC9CEB8-8B4A-11D0-8D11-00A0C91BC942}") = "range", "range\range.vcxproj", "{438259B2-DA47-4E60-8638-2F201AA6EE04}"
EndProject
Global
	GlobalSection(SolutionConfigurationPlatforms) = preSolution
		Debug|x64 = Debug|x64
		Debug|x86 = Debug|x86
		Release|x64 = Release|x64
		Release|x86 = Release|x86
	EndGlobalSection
	GlobalSection(ProjectConfigurationPlatforms) = postSolution
		{7183CE66-0ADB-4FB8-8254-C9502C1F727E}.Debug|x64.ActiveCfg = Debug|x64
		{7183CE66-0ADB-4FB8-8254-C9502C1F727E}.Debug|x64.Build.0 = Debug|x64
		{7183CE66-0ADB-4FB8-8254-C9502C1F727E}.Debug|x86.ActiveCfg = Debug|Win32
		{7183CE66-0ADB-4FB8-8254-C9502C1F727E}.Debug|x86.Build.0 = Debug|Win32
		{7183CE66-0ADB-4FB8-8254-C9502C1F727E}.Release|x64.ActiveCfg = Release|x64
		{7183CE66-0ADB-4FB8-8254-C9502C1F727E}.Release|x64.Build.0 = Release|x64
		{7183CE66-0ADB-4FB8-8254-C9502C1F727E}.Release|x86.ActiveCfg = Release|Win32
		{7183CE66-0ADB-4FB8-8254-C9502C1F727E}.Release|x86.Build.0 = Release|Win32
		{E4476B44-2C0F-4EE9-8FA0-C44D923931DE}.Debug|x64.ActiveCfg = Debug|x64
		{E4476B44-2C0F-4EE9-8FA0-C44D923931DE}.Debug|x64.Build.0 = Debug|x64
		{E4476B44-2C0F-4EE9-8FA0-C44D923931DE}.Debug|x86.ActiveCfg = Debug|Win32
		{E4476B44-2C0F-4EE9-8FA0-C44D923931DE}.Debug|x86.Build.0 = Debug|Win32
		{E4476B44-2C0F-4EE9-8FA0-C44D923931DE}.Release|x64.ActiveCfg = Release|x64
		{E4476B44-2C0F-4EE9-8FA0-C44D923931DE}.Release|x64.Build.0 = Release|x64
		{E4476B44-2C0F-4EE9-8FA0-C44D923931DE}.Release|x86.ActiveCfg = Release|Win32
		{E4476B44-2C0F-4EE9-8FA0-C44D923931DE}.Release|x86.Build.0 = Release|Win32
		{3101C0A5-7A06-4DE1-8CEC-0C3E4FB7E37A}.Debug|x64.ActiveCfg = Debug|x64
		{3101C0A5-7A06-4DE1-8CEC-0C3E4FB7E37A}.Debug|x64.Build.0 = Debug|x64
		{3101C0A5-7A06-4DE1-8CEC-0C3E4FB7E37A}.Debug|x86.ActiveCfg = Debug|Win32
		{3101C0A5-7A06-4DE1-8CEC-0C3E4FB7E37A}.Debug|x86.Build.0 = Debug|Win32
		{3101C0A5-7A06-4DE1-8CEC-0C3E4FB7E37A}.Release|x64.ActiveCfg = Release|x64
		{3101C0A5-7A06-4DE1-8CEC-0C3E4FB7E37A}.Release|x64.Build.0 = Release|x64
		{3101C0A5-7A06-4DE1-8CEC-0C3E4FB7E37A}.Release|x86.ActiveCfg = Release|Win32
		{3101C0A5-7A06-4DE1-8CEC-0C3E4FB7E37A}.Release|x86.Build.0 = Release|Win32
		{438259B2-DA47-4E60-8638-2F201AA6EE04}.Debug|x64.ActiveCfg = Debug|x64
		{438259B2-DA47-4E60-8638-2F201AA6EE04}.Debug|x64.Build.0 = Debug|x64
		{438259B2-DA47-4E60-8638-2F201AA6EE04}.Debug|x86.ActiveCfg = Debug|Win32
		{438259B2-DA47-4E60-8638-2F201AA6EE04}.Debug|x86.Build.0 = Debug|Win32
		{438259B2-DA47-4E60-8638-2F201AA6EE04}.Release|x64.ActiveCfg = Release|x64
		{438259B2-DA47-4E60-8638-2F201AA6EE04}.Release|x64.Build.0 = Release|x64
		{438259B2-DA47-4E60-8638-2F201AA6EE04}.Release|x86.ActiveCfg = Release|Win32
		{438259B2-DA47-4E60-8638-2F201AA6EE04}.Release|x86.Build.0 = Release|Win32
	EndGlobalSection
	GlobalSection(SolutionProperties) = preSolution
		HideSolutionNode = FALSE
	EndGlobalSection
	GlobalSection(ExtensibilityGlobals) = postSolution
		SolutionGuid = {6E81F11D-C610-4183-B228-71B6F8CAC57D}
	EndGlobalSection
EndGlobal
